
Microsoft Visual Studio Solution File, Format Version 12.00
# Visual Studio Version 17
VisualStudioVersion = 17.9.34728.123
MinimumVisualStudioVersion = 10.0.40219.1
Project("{FAE04EC0-301F-11D3-BF4B-00C04F79EFBC}") = "ZaliczenieApi", "ZaliczenieApi\ZaliczenieApi.csproj", "{569F2D34-9BBF-492C-923C-2F40BEAEE9A0}"
EndProject
Global
	GlobalSection(SolutionConfigurationPlatforms) = preSolution
		Debug|Any CPU = Debug|Any CPU
		Release|Any CPU = Release|Any CPU
	EndGlobalSection
	GlobalSection(ProjectConfigurationPlatforms) = postSolution
		{569F2D34-9BBF-492C-923C-2F40BEAEE9A0}.Debug|Any CPU.ActiveCfg = Debug|Any CPU
		{569F2D34-9BBF-492C-923C-2F40BEAEE9A0}.Debug|Any CPU.Build.0 = Debug|Any CPU
		{569F2D34-9BBF-492C-923C-2F40BEAEE9A0}.Release|Any CPU.ActiveCfg = Release|Any CPU
		{569F2D34-9BBF-492C-923C-2F40BEAEE9A0}.Release|Any CPU.Build.0 = Release|Any CPU
	EndGlobalSection
	GlobalSection(SolutionProperties) = preSolution
		HideSolutionNode = FALSE
	EndGlobalSection
	GlobalSection(ExtensibilityGlobals) = postSolution
		SolutionGuid = {1FAC361B-89C8-44B3-8E49-E1F5B31A2E25}
	EndGlobalSection
EndGlobal
